// !$*UTF8*$!
{
	archiveVersion = 1;
	classes = {
	};
	objectVersion = 56;
	objects = {

/* Begin PBXBuildFile section */
		CCF895F02B9EFA9C0088958E /* Apple_FrameworkApp.swift in Sources */ = {isa = PBXBuildFile; fileRef = CCF895EF2B9EFA9C0088958E /* Apple_FrameworkApp.swift */; };
		CCF895F42B9EFA9E0088958E /* Assets.xcassets in Resources */ = {isa = PBXBuildFile; fileRef = CCF895F32B9EFA9E0088958E /* Assets.xcassets */; };
		CCF895F72B9EFA9E0088958E /* Preview Assets.xcassets in Resources */ = {isa = PBXBuildFile; fileRef = CCF895F62B9EFA9E0088958E /* Preview Assets.xcassets */; };
		CCF895FE2B9EFB760088958E /* Framework.swift in Sources */ = {isa = PBXBuildFile; fileRef = CCF895FD2B9EFB760088958E /* Framework.swift */; };
		CCF896002B9EFD330088958E /* FrameworkGridView.swift in Sources */ = {isa = PBXBuildFile; fileRef = CCF895FF2B9EFD330088958E /* FrameworkGridView.swift */; };
		CCF896022B9F41570088958E /* FrameworkDetailView.swift in Sources */ = {isa = PBXBuildFile; fileRef = CCF896012B9F41570088958E /* FrameworkDetailView.swift */; };
		CCF896042BA048F60088958E /* AFButton.swift in Sources */ = {isa = PBXBuildFile; fileRef = CCF896032BA048F50088958E /* AFButton.swift */; };
		CCF896062BA04FFF0088958E /* FrameworkGridVIewModel.swift in Sources */ = {isa = PBXBuildFile; fileRef = CCF896052BA04FFF0088958E /* FrameworkGridVIewModel.swift */; };
		CCF896082BA05D170088958E /* SafariView.swift in Sources */ = {isa = PBXBuildFile; fileRef = CCF896072BA05D170088958E /* SafariView.swift */; };
/* End PBXBuildFile section */

/* Begin PBXFileReference section */
		CCF895EC2B9EFA9C0088958E /* Apple-Framework.app */ = {isa = PBXFileReference; explicitFileType = wrapper.application; includeInIndex = 0; path = "Apple-Framework.app"; sourceTree = BUILT_PRODUCTS_DIR; };
		CCF895EF2B9EFA9C0088958E /* Apple_FrameworkApp.swift */ = {isa = PBXFileReference; lastKnownFileType = sourcecode.swift; path = Apple_FrameworkApp.swift; sourceTree = "<group>"; };
		CCF895F32B9EFA9E0088958E /* Assets.xcassets */ = {isa = PBXFileReference; lastKnownFileType = folder.assetcatalog; path = Assets.xcassets; sourceTree = "<group>"; };
		CCF895F62B9EFA9E0088958E /* Preview Assets.xcassets */ = {isa = PBXFileReference; lastKnownFileType = folder.assetcatalog; path = "Preview Assets.xcassets"; sourceTree = "<group>"; };
		CCF895FD2B9EFB760088958E /* Framework.swift */ = {isa = PBXFileReference; lastKnownFileType = sourcecode.swift; path = Framework.swift; sourceTree = "<group>"; };
		CCF895FF2B9EFD330088958E /* FrameworkGridView.swift */ = {isa = PBXFileReference; lastKnownFileType = sourcecode.swift; path = FrameworkGridView.swift; sourceTree = "<group>"; };
		CCF896012B9F41570088958E /* FrameworkDetailView.swift */ = {isa = PBXFileReference; lastKnownFileType = sourcecode.swift; path = FrameworkDetailView.swift; sourceTree = "<group>"; };
		CCF896032BA048F50088958E /* AFButton.swift */ = {isa = PBXFileReference; lastKnownFileType = sourcecode.swift; path = AFButton.swift; sourceTree = "<group>"; };
		CCF896052BA04FFF0088958E /* FrameworkGridVIewModel.swift */ = {isa = PBXFileReference; lastKnownFileType = sourcecode.swift; path = FrameworkGridVIewModel.swift; sourceTree = "<group>"; };
		CCF896072BA05D170088958E /* SafariView.swift */ = {isa = PBXFileReference; lastKnownFileType = sourcecode.swift; path = SafariView.swift; sourceTree = "<group>"; };
/* End PBXFileReference section */

/* Begin PBXFrameworksBuildPhase section */
		CCF895E92B9EFA9C0088958E /* Frameworks */ = {
			isa = PBXFrameworksBuildPhase;
			buildActionMask = 2147483647;
			files = (
			);
			runOnlyForDeploymentPostprocessing = 0;
		};
/* End PBXFrameworksBuildPhase section */

/* Begin PBXGroup section */
		CCF895E32B9EFA9C0088958E = {
			isa = PBXGroup;
			children = (
				CCF895EE2B9EFA9C0088958E /* Apple-Framework */,
				CCF895ED2B9EFA9C0088958E /* Products */,
			);
			sourceTree = "<group>";
		};
		CCF895ED2B9EFA9C0088958E /* Products */ = {
			isa = PBXGroup;
			children = (
				CCF895EC2B9EFA9C0088958E /* Apple-Framework.app */,
			);
			name = Products;
			sourceTree = "<group>";
		};
		CCF895EE2B9EFA9C0088958E /* Apple-Framework */ = {
			isa = PBXGroup;
			children = (
				CCF895EF2B9EFA9C0088958E /* Apple_FrameworkApp.swift */,
				CCF895FD2B9EFB760088958E /* Framework.swift */,
				CCF896052BA04FFF0088958E /* FrameworkGridVIewModel.swift */,
				CCF895FF2B9EFD330088958E /* FrameworkGridView.swift */,
				CCF896012B9F41570088958E /* FrameworkDetailView.swift */,
				CCF895F32B9EFA9E0088958E /* Assets.xcassets */,
				CCF895F52B9EFA9E0088958E /* Preview Content */,
				CCF896032BA048F50088958E /* AFButton.swift */,
				CCF896072BA05D170088958E /* SafariView.swift */,
			);
			path = "Apple-Framework";
			sourceTree = "<group>";
		};
		CCF895F52B9EFA9E0088958E /* Preview Content */ = {
			isa = PBXGroup;
			children = (
				CCF895F62B9EFA9E0088958E /* Preview Assets.xcassets */,
			);
			path = "Preview Content";
			sourceTree = "<group>";
		};
/* End PBXGroup section */

/* Begin PBXNativeTarget section */
		CCF895EB2B9EFA9C0088958E /* Apple-Framework */ = {
			isa = PBXNativeTarget;
			buildConfigurationList = CCF895FA2B9EFA9E0088958E /* Build configuration list for PBXNativeTarget "Apple-Framework" */;
			buildPhases = (
				CCF895E82B9EFA9C0088958E /* Sources */,
				CCF895E92B9EFA9C0088958E /* Frameworks */,
				CCF895EA2B9EFA9C0088958E /* Resources */,
			);
			buildRules = (
			);
			dependencies = (
			);
			name = "Apple-Framework";
			productName = "Apple-Framework";
			productReference = CCF895EC2B9EFA9C0088958E /* Apple-Framework.app */;
			productType = "com.apple.product-type.application";
		};
/* End PBXNativeTarget section */

/* Begin PBXProject section */
		CCF895E42B9EFA9C0088958E /* Project object */ = {
			isa = PBXProject;
			attributes = {
				BuildIndependentTargetsInParallel = 1;
				LastSwiftUpdateCheck = 1520;
				LastUpgradeCheck = 1520;
				TargetAttributes = {
					CCF895EB2B9EFA9C0088958E = {
						CreatedOnToolsVersion = 15.2;
					};
				};
			};
			buildConfigurationList = CCF895E72B9EFA9C0088958E /* Build configuration list for PBXProject "Apple-Framework" */;
			compatibilityVersion = "Xcode 14.0";
			developmentRegion = en;
			hasScannedForEncodings = 0;
			knownRegions = (
				en,
				Base,
			);
			mainGroup = CCF895E32B9EFA9C0088958E;
			productRefGroup = CCF895ED2B9EFA9C0088958E /* Products */;
			projectDirPath = "";
			projectRoot = "";
			targets = (
				CCF895EB2B9EFA9C0088958E /* Apple-Framework */,
			);
		};
/* End PBXProject section */

/* Begin PBXResourcesBuildPhase section */
		CCF895EA2B9EFA9C0088958E /* Resources */ = {
			isa = PBXResourcesBuildPhase;
			buildActionMask = 2147483647;
			files = (
				CCF895F72B9EFA9E0088958E /* Preview Assets.xcassets in Resources */,
				CCF895F42B9EFA9E0088958E /* Assets.xcassets in Resources */,
			);
			runOnlyForDeploymentPostprocessing = 0;
		};
/* End PBXResourcesBuildPhase section */

/* Begin PBXSourcesBuildPhase section */
		CCF895E82B9EFA9C0088958E /* Sources */ = {
			isa = PBXSourcesBuildPhase;
			buildActionMask = 2147483647;
			files = (
				CCF896022B9F41570088958E /* FrameworkDetailView.swift in Sources */,
				CCF896002B9EFD330088958E /* FrameworkGridView.swift in Sources */,
				CCF895FE2B9EFB760088958E /* Framework.swift in Sources */,
				CCF896062BA04FFF0088958E /* FrameworkGridVIewModel.swift in Sources */,
				CCF896042BA048F60088958E /* AFButton.swift in Sources */,
				CCF895F02B9EFA9C0088958E /* Apple_FrameworkApp.swift in Sources */,
				CCF896082BA05D170088958E /* SafariView.swift in Sources */,
			);
			runOnlyForDeploymentPostprocessing = 0;
		};
/* End PBXSourcesBuildPhase section */

/* Begin XCBuildConfiguration section */
		CCF895F82B9EFA9E0088958E /* Debug */ = {
			isa = XCBuildConfiguration;
			buildSettings = {
				ALWAYS_SEARCH_USER_PATHS = NO;
				ASSETCATALOG_COMPILER_GENERATE_SWIFT_ASSET_SYMBOL_EXTENSIONS = YES;
				CLANG_ANALYZER_NONNULL = YES;
				CLANG_ANALYZER_NUMBER_OBJECT_CONVERSION = YES_AGGRESSIVE;
				CLANG_CXX_LANGUAGE_STANDARD = "gnu++20";
				CLANG_ENABLE_MODULES = YES;
				CLANG_ENABLE_OBJC_ARC = YES;
				CLANG_ENABLE_OBJC_WEAK = YES;
				CLANG_WARN_BLOCK_CAPTURE_AUTORELEASING = YES;
				CLANG_WARN_BOOL_CONVERSION = YES;
				CLANG_WARN_COMMA = YES;
				CLANG_WARN_CONSTANT_CONVERSION = YES;
				CLANG_WARN_DEPRECATED_OBJC_IMPLEMENTATIONS = YES;
				CLANG_WARN_DIRECT_OBJC_ISA_USAGE = YES_ERROR;
				CLANG_WARN_DOCUMENTATION_COMMENTS = YES;
				CLANG_WARN_EMPTY_BODY = YES;
				CLANG_WARN_ENUM_CONVERSION = YES;
				CLANG_WARN_INFINITE_RECURSION = YES;
				CLANG_WARN_INT_CONVERSION = YES;
				CLANG_WARN_NON_LITERAL_NULL_CONVERSION = YES;
				CLANG_WARN_OBJC_IMPLICIT_RETAIN_SELF = YES;
				CLANG_WARN_OBJC_LITERAL_CONVERSION = YES;
				CLANG_WARN_OBJC_ROOT_CLASS = YES_ERROR;
				CLANG_WARN_QUOTED_INCLUDE_IN_FRAMEWORK_HEADER = YES;
				CLANG_WARN_RANGE_LOOP_ANALYSIS = YES;
				CLANG_WARN_STRICT_PROTOTYPES = YES;
				CLANG_WARN_SUSPICIOUS_MOVE = YES;
				CLANG_WARN_UNGUARDED_AVAILABILITY = YES_AGGRESSIVE;
				CLANG_WARN_UNREACHABLE_CODE = YES;
				CLANG_WARN__DUPLICATE_METHOD_MATCH = YES;
				COPY_PHASE_STRIP = NO;
				DEBUG_INFORMATION_FORMAT = dwarf;
				ENABLE_STRICT_OBJC_MSGSEND = YES;
				ENABLE_TESTABILITY = YES;
				ENABLE_USER_SCRIPT_SANDBOXING = YES;
				GCC_C_LANGUAGE_STANDARD = gnu17;
				GCC_DYNAMIC_NO_PIC = NO;
				GCC_NO_COMMON_BLOCKS = YES;
				GCC_OPTIMIZATION_LEVEL = 0;
				GCC_PREPROCESSOR_DEFINITIONS = (
					"DEBUG=1",
					"$(inherited)",
				);
				GCC_WARN_64_TO_32_BIT_CONVERSION = YES;
				GCC_WARN_ABOUT_RETURN_TYPE = YES_ERROR;
				GCC_WARN_UNDECLARED_SELECTOR = YES;
				GCC_WARN_UNINITIALIZED_AUTOS = YES_AGGRESSIVE;
				GCC_WARN_UNUSED_FUNCTION = YES;
				GCC_WARN_UNUSED_VARIABLE = YES;
				IPHONEOS_DEPLOYMENT_TARGET = 17.2;
				LOCALIZATION_PREFERS_STRING_CATALOGS = YES;
				MTL_ENABLE_DEBUG_INFO = INCLUDE_SOURCE;
				MTL_FAST_MATH = YES;
				ONLY_ACTIVE_ARCH = YES;
				SDKROOT = iphoneos;
				SWIFT_ACTIVE_COMPILATION_CONDITIONS = "DEBUG $(inherited)";
				SWIFT_OPTIMIZATION_LEVEL = "-Onone";
			};
			name = Debug;
		};
		CCF895F92B9EFA9E0088958E /* Release */ = {
			isa = XCBuildConfiguration;
			buildSettings = {
				ALWAYS_SEARCH_USER_PATHS = NO;
				ASSETCATALOG_COMPILER_GENERATE_SWIFT_ASSET_SYMBOL_EXTENSIONS = YES;
				CLANG_ANALYZER_NONNULL = YES;
				CLANG_ANALYZER_NUMBER_OBJECT_CONVERSION = YES_AGGRESSIVE;
				CLANG_CXX_LANGUAGE_STANDARD = "gnu++20";
				CLANG_ENABLE_MODULES = YES;
				CLANG_ENABLE_OBJC_ARC = YES;
				CLANG_ENABLE_OBJC_WEAK = YES;
				CLANG_WARN_BLOCK_CAPTURE_AUTORELEASING = YES;
				CLANG_WARN_BOOL_CONVERSION = YES;
				CLANG_WARN_COMMA = YES;
				CLANG_WARN_CONSTANT_CONVERSION = YES;
				CLANG_WARN_DEPRECATED_OBJC_IMPLEMENTATIONS = YES;
				CLANG_WARN_DIRECT_OBJC_ISA_USAGE = YES_ERROR;
				CLANG_WARN_DOCUMENTATION_COMMENTS = YES;
				CLANG_WARN_EMPTY_BODY = YES;
				CLANG_WARN_ENUM_CONVERSION = YES;
				CLANG_WARN_INFINITE_RECURSION = YES;
				CLANG_WARN_INT_CONVERSION = YES;
				CLANG_WARN_NON_LITERAL_NULL_CONVERSION = YES;
				CLANG_WARN_OBJC_IMPLICIT_RETAIN_SELF = YES;
				CLANG_WARN_OBJC_LITERAL_CONVERSION = YES;
				CLANG_WARN_OBJC_ROOT_CLASS = YES_ERROR;
				CLANG_WARN_QUOTED_INCLUDE_IN_FRAMEWORK_HEADER = YES;
				CLANG_WARN_RANGE_LOOP_ANALYSIS = YES;
				CLANG_WARN_STRICT_PROTOTYPES = YES;
				CLANG_WARN_SUSPICIOUS_MOVE = YES;
				CLANG_WARN_UNGUARDED_AVAILABILITY = YES_AGGRESSIVE;
				CLANG_WARN_UNREACHABLE_CODE = YES;
				CLANG_WARN__DUPLICATE_METHOD_MATCH = YES;
				COPY_PHASE_STRIP = NO;
				DEBUG_INFORMATION_FORMAT = "dwarf-with-dsym";
				ENABLE_NS_ASSERTIONS = NO;
				ENABLE_STRICT_OBJC_MSGSEND = YES;
				ENABLE_USER_SCRIPT_SANDBOXING = YES;
				GCC_C_LANGUAGE_STANDARD = gnu17;
				GCC_NO_COMMON_BLOCKS = YES;
				GCC_WARN_64_TO_32_BIT_CONVERSION = YES;
				GCC_WARN_ABOUT_RETURN_TYPE = YES_ERROR;
				GCC_WARN_UNDECLARED_SELECTOR = YES;
				GCC_WARN_UNINITIALIZED_AUTOS = YES_AGGRESSIVE;
				GCC_WARN_UNUSED_FUNCTION = YES;
				GCC_WARN_UNUSED_VARIABLE = YES;
				IPHONEOS_DEPLOYMENT_TARGET = 17.2;
				LOCALIZATION_PREFERS_STRING_CATALOGS = YES;
				MTL_ENABLE_DEBUG_INFO = NO;
				MTL_FAST_MATH = YES;
				SDKROOT = iphoneos;
				SWIFT_COMPILATION_MODE = wholemodule;
				VALIDATE_PRODUCT = YES;
			};
			name = Release;
		};
		CCF895FB2B9EFA9E0088958E /* Debug */ = {
			isa = XCBuildConfiguration;
			buildSettings = {
				ASSETCATALOG_COMPILER_APPICON_NAME = AppIcon;
				ASSETCATALOG_COMPILER_GLOBAL_ACCENT_COLOR_NAME = AccentColor;
				CODE_SIGN_STYLE = Automatic;
				CURRENT_PROJECT_VERSION = 1;
				DEVELOPMENT_ASSET_PATHS = "\"Apple-Framework/Preview Content\"";
				DEVELOPMENT_TEAM = 5WQ3NJ4D7R;
				ENABLE_PREVIEWS = YES;
				GENERATE_INFOPLIST_FILE = YES;
				INFOPLIST_KEY_UIApplicationSceneManifest_Generation = YES;
				INFOPLIST_KEY_UIApplicationSupportsIndirectInputEvents = YES;
				INFOPLIST_KEY_UILaunchScreen_Generation = YES;
				INFOPLIST_KEY_UISupportedInterfaceOrientations_iPad = "UIInterfaceOrientationPortrait UIInterfaceOrientationPortraitUpsideDown UIInterfaceOrientationLandscapeLeft UIInterfaceOrientationLandscapeRight";
				INFOPLIST_KEY_UISupportedInterfaceOrientations_iPhone = "UIInterfaceOrientationPortrait UIInterfaceOrientationLandscapeLeft UIInterfaceOrientationLandscapeRight";
				LD_RUNPATH_SEARCH_PATHS = (
					"$(inherited)",
					"@executable_path/Frameworks",
				);
				MARKETING_VERSION = 1.0;
				PRODUCT_BUNDLE_IDENTIFIER = "tta.Apple-Framework";
				PRODUCT_NAME = "$(TARGET_NAME)";
				SWIFT_EMIT_LOC_STRINGS = YES;
				SWIFT_VERSION = 5.0;
				TARGETED_DEVICE_FAMILY = "1,2";
			};
			name = Debug;
		};
		CCF895FC2B9EFA9E0088958E /* Release */ = {
			isa = XCBuildConfiguration;
			buildSettings = {
				ASSETCATALOG_COMPILER_APPICON_NAME = AppIcon;
				ASSETCATALOG_COMPILER_GLOBAL_ACCENT_COLOR_NAME = AccentColor;
				CODE_SIGN_STYLE = Automatic;
				CURRENT_PROJECT_VERSION = 1;
				DEVELOPMENT_ASSET_PATHS = "\"Apple-Framework/Preview Content\"";
				DEVELOPMENT_TEAM = 5WQ3NJ4D7R;
				ENABLE_PREVIEWS = YES;
				GENERATE_INFOPLIST_FILE = YES;
				INFOPLIST_KEY_UIApplicationSceneManifest_Generation = YES;
				INFOPLIST_KEY_UIApplicationSupportsIndirectInputEvents = YES;
				INFOPLIST_KEY_UILaunchScreen_Generation = YES;
				INFOPLIST_KEY_UISupportedInterfaceOrientations_iPad = "UIInterfaceOrientationPortrait UIInterfaceOrientationPortraitUpsideDown UIInterfaceOrientationLandscapeLeft UIInterfaceOrientationLandscapeRight";
				INFOPLIST_KEY_UISupportedInterfaceOrientations_iPhone = "UIInterfaceOrientationPortrait UIInterfaceOrientationLandscapeLeft UIInterfaceOrientationLandscapeRight";
				LD_RUNPATH_SEARCH_PATHS = (
					"$(inherited)",
					"@executable_path/Frameworks",
				);
				MARKETING_VERSION = 1.0;
				PRODUCT_BUNDLE_IDENTIFIER = "tta.Apple-Framework";
				PRODUCT_NAME = "$(TARGET_NAME)";
				SWIFT_EMIT_LOC_STRINGS = YES;
				SWIFT_VERSION = 5.0;
				TARGETED_DEVICE_FAMILY = "1,2";
			};
			name = Release;
		};
/* End XCBuildConfiguration section */

/* Begin XCConfigurationList section */
		CCF895E72B9EFA9C0088958E /* Build configuration list for PBXProject "Apple-Framework" */ = {
			isa = XCConfigurationList;
			buildConfigurations = (
				CCF895F82B9EFA9E0088958E /* Debug */,
				CCF895F92B9EFA9E0088958E /* Release */,
			);
			defaultConfigurationIsVisible = 0;
			defaultConfigurationName = Release;
		};
		CCF895FA2B9EFA9E0088958E /* Build configuration list for PBXNativeTarget "Apple-Framework" */ = {
			isa = XCConfigurationList;
			buildConfigurations = (
				CCF895FB2B9EFA9E0088958E /* Debug */,
				CCF895FC2B9EFA9E0088958E /* Release */,
			);
			defaultConfigurationIsVisible = 0;
			defaultConfigurationName = Release;
		};
/* End XCConfigurationList section */
	};
	rootObject = CCF895E42B9EFA9C0088958E /* Project object */;
}
